Microsoft Visual Studio Solution File, Format Version 12.00
# Visual Studio Version 17
VisualStudioVersion = 17.5.33424.131
MinimumVisualStudioVersion = 10.0.40219.1
Project("{FAE04EC0-301F-11D3-BF4B-00C04F79EFBC}") = "Lumpn.Dungeon", "Lumpn.Dungeon\Lumpn.Dungeon.csproj", "{318F2992-7CC2-4543-9041-0E3CAE0562C2}"
EndProject
Project("{FAE04EC0-301F-11D3-BF4B-00C04F79EFBC}") = "Lumpn.Mooga", "Lumpn.Mooga\Lumpn.Mooga.csproj", "{00D7D97F-8F40-47D3-807A-9F242F1B7BA0}"
EndProject
Project("{FAE04EC0-301F-11D3-BF4B-00C04F79EFBC}") = "Lumpn.Mooga.Test", "Lumpn.Mooga.Test\Lumpn.Mooga.Test.csproj", "{6CB833C7-351F-4DF7-AAC8-384157C9690B}"
EndProject
Project("{FAE04EC0-301F-11D3-BF4B-00C04F79EFBC}") = "Lumpn.Utils", "Lumpn.Utils\Lumpn.Utils.csproj", "{2CA9113E-A497-473F-B74F-F0AED4E9764F}"
EndProject
Project("{FAE04EC0-301F-11D3-BF4B-00C04F79EFBC}") = "Lumpn.Utils.Test", "Lumpn.Utils.Test\Lumpn.Utils.Test.csproj", "{331AB27A-6701-4FD8-B46A-B7741A0681A4}"
EndProject
Project("{FAE04EC0-301F-11D3-BF4B-00C04F79EFBC}") = "Lumpn.ZeldaDungeon", "Lumpn.ZeldaDungeon\Lumpn.ZeldaDungeon.csproj", "{A1C8364B-3AEE-4A38-9C79-9A47621FF767}"
EndProject
Project("{FAE04EC0-301F-11D3-BF4B-00C04F79EFBC}") = "Lumpn.ZeldaDungeon.Test", "Lumpn.ZeldaDungeon.Test\Lumpn.ZeldaDungeon.Test.csproj", "{109B1065-E0A5-4D94-A2E8-2CEFD97C69D1}"
EndProject
Project("{FAE04EC0-301F-11D3-BF4B-00C04F79EFBC}") = "Lumpn.ZeldaMooga", "Lumpn.ZeldaMooga\Lumpn.ZeldaMooga.csproj", "{CF146C21-3A73-4E0F-BF25-25CAFDD317B5}"
EndProject
Project("{FAE04EC0-301F-11D3-BF4B-00C04F79EFBC}") = "Lumpn.ZeldaMooga.Test", "Lumpn.ZeldaMooga.Test\Lumpn.ZeldaMooga.Test.csproj", "{FF79A23E-5937-4A82-91DB-0BF96512DE6F}"
EndProject
Project("{FAE04EC0-301F-11D3-BF4B-00C04F79EFBC}") = "Lumpn.Profiling", "Lumpn.Profiling\Lumpn.Profiling.csproj", "{0490C391-BA6F-4E72-AFA0-B7FD45DA310E}"
EndProject
Project("{FAE04EC0-301F-11D3-BF4B-00C04F79EFBC}") = "Lumpn.Profiling.Test", "Lumpn.Profiling.Test\Lumpn.Profiling.Test.csproj", "{0837488B-8CB5-4F7B-90F4-FBCFF51F2023}"
EndProject
Project("{FAE04EC0-301F-11D3-BF4B-00C04F79EFBC}") = "Lumpn.ZeldaLayout", "Lumpn.ZeldaLayout\Lumpn.ZeldaLayout.csproj", "{A4F351FA-78A5-4518-A0CE-F9AA369FFC07}"
EndProject
Project("{FAE04EC0-301F-11D3-BF4B-00C04F79EFBC}") = "Lumpn.ZeldaLayout.Test", "Lumpn.ZeldaLayout.Test\Lumpn.ZeldaLayout.Test.csproj", "{2861AB03-2D65-42D0-B410-C59CCA76C21A}"
EndProject
Project("{FAE04EC0-301F-11D3-BF4B-00C04F79EFBC}") = "Lumpn.ZeldaProof", "Lumpn.ZeldaProof\Lumpn.ZeldaProof.csproj", "{FB71EA49-316B-47F0-A2C3-B65DA4F9580B}"
EndProject
Project("{FAE04EC0-301F-11D3-BF4B-00C04F79EFBC}") = "Lumpn.ZeldaProof.Test", "Lumpn.ZeldaProof.Test\Lumpn.ZeldaProof.Test.csproj", "{FA30CE32-BA10-4600-91C2-321B822C8648}"
EndProject
Global
	GlobalSection(SolutionConfigurationPlatforms) = preSolution
		Debug|Any CPU = Debug|Any CPU
		Release|Any CPU = Release|Any CPU
	EndGlobalSection
	GlobalSection(ProjectConfigurationPlatforms) = postSolution
		{318F2992-7CC2-4543-9041-0E3CAE0562C2}.Debug|Any CPU.ActiveCfg = Debug|Any CPU
		{318F2992-7CC2-4543-9041-0E3CAE0562C2}.Debug|Any CPU.Build.0 = Debug|Any CPU
		{318F2992-7CC2-4543-9041-0E3CAE0562C2}.Release|Any CPU.ActiveCfg = Release|Any CPU
		{318F2992-7CC2-4543-9041-0E3CAE0562C2}.Release|Any CPU.Build.0 = Release|Any CPU
		{00D7D97F-8F40-47D3-807A-9F242F1B7BA0}.Debug|Any CPU.ActiveCfg = Debug|Any CPU
		{00D7D97F-8F40-47D3-807A-9F242F1B7BA0}.Debug|Any CPU.Build.0 = Debug|Any CPU
		{00D7D97F-8F40-47D3-807A-9F242F1B7BA0}.Release|Any CPU.ActiveCfg = Release|Any CPU
		{00D7D97F-8F40-47D3-807A-9F242F1B7BA0}.Release|Any CPU.Build.0 = Release|Any CPU
		{6CB833C7-351F-4DF7-AAC8-384157C9690B}.Debug|Any CPU.ActiveCfg = Debug|Any CPU
		{6CB833C7-351F-4DF7-AAC8-384157C9690B}.Debug|Any CPU.Build.0 = Debug|Any CPU
		{6CB833C7-351F-4DF7-AAC8-384157C9690B}.Release|Any CPU.ActiveCfg = Release|Any CPU
		{6CB833C7-351F-4DF7-AAC8-384157C9690B}.Release|Any CPU.Build.0 = Release|Any CPU
		{2CA9113E-A497-473F-B74F-F0AED4E9764F}.Debug|Any CPU.ActiveCfg = Debug|Any CPU
		{2CA9113E-A497-473F-B74F-F0AED4E9764F}.Debug|Any CPU.Build.0 = Debug|Any CPU
		{2CA9113E-A497-473F-B74F-F0AED4E9764F}.Release|Any CPU.ActiveCfg = Release|Any CPU
		{2CA9113E-A497-473F-B74F-F0AED4E9764F}.Release|Any CPU.Build.0 = Release|Any CPU
		{331AB27A-6701-4FD8-B46A-B7741A0681A4}.Debug|Any CPU.ActiveCfg = Debug|Any CPU
		{331AB27A-6701-4FD8-B46A-B7741A0681A4}.Debug|Any CPU.Build.0 = Debug|Any CPU
		{331AB27A-6701-4FD8-B46A-B7741A0681A4}.Release|Any CPU.ActiveCfg = Release|Any CPU
		{331AB27A-6701-4FD8-B46A-B7741A0681A4}.Release|Any CPU.Build.0 = Release|Any CPU
		{A1C8364B-3AEE-4A38-9C79-9A47621FF767}.Debug|Any CPU.ActiveCfg = Debug|Any CPU
		{A1C8364B-3AEE-4A38-9C79-9A47621FF767}.Debug|Any CPU.Build.0 = Debug|Any CPU
		{A1C8364B-3AEE-4A38-9C79-9A47621FF767}.Release|Any CPU.ActiveCfg = Release|Any CPU
		{A1C8364B-3AEE-4A38-9C79-9A47621FF767}.Release|Any CPU.Build.0 = Release|Any CPU
		{109B1065-E0A5-4D94-A2E8-2CEFD97C69D1}.Debug|Any CPU.ActiveCfg = Debug|Any CPU
		{109B1065-E0A5-4D94-A2E8-2CEFD97C69D1}.Debug|Any CPU.Build.0 = Debug|Any CPU
		{109B1065-E0A5-4D94-A2E8-2CEFD97C69D1}.Release|Any CPU.ActiveCfg = Release|Any CPU
		{109B1065-E0A5-4D94-A2E8-2CEFD97C69D1}.Release|Any CPU.Build.0 = Release|Any CPU
		{CF146C21-3A73-4E0F-BF25-25CAFDD317B5}.Debug|Any CPU.ActiveCfg = Debug|Any CPU
		{CF146C21-3A73-4E0F-BF25-25CAFDD317B5}.Debug|Any CPU.Build.0 = Debug|Any CPU
		{CF146C21-3A73-4E0F-BF25-25CAFDD317B5}.Release|Any CPU.ActiveCfg = Release|Any CPU
		{CF146C21-3A73-4E0F-BF25-25CAFDD317B5}.Release|Any CPU.Build.0 = Release|Any CPU
		{FF79A23E-5937-4A82-91DB-0BF96512DE6F}.Debug|Any CPU.ActiveCfg = Debug|Any CPU
		{FF79A23E-5937-4A82-91DB-0BF96512DE6F}.Debug|Any CPU.Build.0 = Debug|Any CPU
		{FF79A23E-5937-4A82-91DB-0BF96512DE6F}.Release|Any CPU.ActiveCfg = Release|Any CPU
		{FF79A23E-5937-4A82-91DB-0BF96512DE6F}.Release|Any CPU.Build.0 = Release|Any CPU
		{0490C391-BA6F-4E72-AFA0-B7FD45DA310E}.Debug|Any CPU.ActiveCfg = Debug|Any CPU
		{0490C391-BA6F-4E72-AFA0-B7FD45DA310E}.Debug|Any CPU.Build.0 = Debug|Any CPU
		{0490C391-BA6F-4E72-AFA0-B7FD45DA310E}.Release|Any CPU.ActiveCfg = Release|Any CPU
		{0490C391-BA6F-4E72-AFA0-B7FD45DA310E}.Release|Any CPU.Build.0 = Release|Any CPU
		{0837488B-8CB5-4F7B-90F4-FBCFF51F2023}.Debug|Any CPU.ActiveCfg = Debug|Any CPU
		{0837488B-8CB5-4F7B-90F4-FBCFF51F2023}.Debug|Any CPU.Build.0 = Debug|Any CPU
		{0837488B-8CB5-4F7B-90F4-FBCFF51F2023}.Release|Any CPU.ActiveCfg = Release|Any CPU
		{0837488B-8CB5-4F7B-90F4-FBCFF51F2023}.Release|Any CPU.Build.0 = Release|Any CPU
		{A4F351FA-78A5-4518-A0CE-F9AA369FFC07}.Debug|Any CPU.ActiveCfg = Debug|Any CPU
		{A4F351FA-78A5-4518-A0CE-F9AA369FFC07}.Debug|Any CPU.Build.0 = Debug|Any CPU
		{A4F351FA-78A5-4518-A0CE-F9AA369FFC07}.Release|Any CPU.ActiveCfg = Release|Any CPU
		{A4F351FA-78A5-4518-A0CE-F9AA369FFC07}.Release|Any CPU.Build.0 = Release|Any CPU
		{2861AB03-2D65-42D0-B410-C59CCA76C21A}.Debug|Any CPU.ActiveCfg = Debug|Any CPU
		{2861AB03-2D65-42D0-B410-C59CCA76C21A}.Debug|Any CPU.Build.0 = Debug|Any CPU
		{2861AB03-2D65-42D0-B410-C59CCA76C21A}.Release|Any CPU.ActiveCfg = Release|Any CPU
		{2861AB03-2D65-42D0-B410-C59CCA76C21A}.Release|Any CPU.Build.0 = Release|Any CPU
		{FB71EA49-316B-47F0-A2C3-B65DA4F9580B}.Debug|Any CPU.ActiveCfg = Debug|Any CPU
		{FB71EA49-316B-47F0-A2C3-B65DA4F9580B}.Debug|Any CPU.Build.0 = Debug|Any CPU
		{FB71EA49-316B-47F0-A2C3-B65DA4F9580B}.Release|Any CPU.ActiveCfg = Release|Any CPU
		{FB71EA49-316B-47F0-A2C3-B65DA4F9580B}.Release|Any CPU.Build.0 = Release|Any CPU
		{FA30CE32-BA10-4600-91C2-321B822C8648}.Debug|Any CPU.ActiveCfg = Debug|Any CPU
		{FA30CE32-BA10-4600-91C2-321B822C8648}.Debug|Any CPU.Build.0 = Debug|Any CPU
		{FA30CE32-BA10-4600-91C2-321B822C8648}.Release|Any CPU.ActiveCfg = Release|Any CPU
		{FA30CE32-BA10-4600-91C2-321B822C8648}.Release|Any CPU.Build.0 = Release|Any CPU
	EndGlobalSection
	GlobalSection(SolutionProperties) = preSolution
		HideSolutionNode = FALSE
	EndGlobalSection
	GlobalSection(ExtensibilityGlobals) = postSolution
		SolutionGuid = {273CFFDB-FEF0-4B5A-9098-2EF1EEA79F88}
	EndGlobalSection
	GlobalSection(MonoDevelopProperties) = preSolution
		Policies = $0
		$0.DotNetNamingPolicy = $1
		$1.DirectoryNamespaceAssociation = PrefixedHierarchical
		$0.TextStylePolicy = $4
		$2.inheritsSet = null
		$2.scope = text/x-csharp
		$0.CSharpFormattingPolicy = $3
		$3.scope = text/x-csharp
		$4.FileWidth = 80
		$4.TabsToSpaces = True
		$4.scope = text/plain
	EndGlobalSection
EndGlobal
